// !$*UTF8*$!
{
	archiveVersion = 1;
	classes = {
	};
	objectVersion = 50;
	objects = {

/* Begin PBXBuildFile section */
		234DE8F2AF638D6C4B2CA85E /* libPods-VIPDownload.a in Frameworks */ = {isa = PBXBuildFile; fileRef = B12A9DD5CE8A0BB6470B757D /* libPods-VIPDownload.a */; };
		254D63BF20A966020082BEF7 /* AppDelegate.m in Sources */ = {isa = PBXBuildFile; fileRef = 254D63BE20A966020082BEF7 /* AppDelegate.m */; };
		254D63C220A966020082BEF7 /* ViewController.m in Sources */ = {isa = PBXBuildFile; fileRef = 254D63C120A966020082BEF7 /* ViewController.m */; };
		254D63C520A966020082BEF7 /* Main.storyboard in Resources */ = {isa = PBXBuildFile; fileRef = 254D63C320A966020082BEF7 /* Main.storyboard */; };
		254D63C720A966040082BEF7 /* Assets.xcassets in Resources */ = {isa = PBXBuildFile; fileRef = 254D63C620A966040082BEF7 /* Assets.xcassets */; };
		254D63CA20A966040082BEF7 /* LaunchScreen.storyboard in Resources */ = {isa = PBXBuildFile; fileRef = 254D63C820A966040082BEF7 /* LaunchScreen.storyboard */; };
		254D63CD20A966040082BEF7 /* main.m in Sources */ = {isa = PBXBuildFile; fileRef = 254D63CC20A966040082BEF7 /* main.m */; };
		254D63D720A966040082BEF7 /* VIPDownloadTests.m in Sources */ = {isa = PBXBuildFile; fileRef = 254D63D620A966040082BEF7 /* VIPDownloadTests.m */; };
		254D63E220A966040082BEF7 /* VIPDownloadUITests.m in Sources */ = {isa = PBXBuildFile; fileRef = 254D63E120A966040082BEF7 /* VIPDownloadUITests.m */; };
		254D63F920A966140082BEF7 /* ZFDownloadManager.m in Sources */ = {isa = PBXBuildFile; fileRef = 254D63F020A966140082BEF7 /* ZFDownloadManager.m */; };
		254D63FA20A966140082BEF7 /* ZFCommonHelper.m in Sources */ = {isa = PBXBuildFile; fileRef = 254D63F420A966140082BEF7 /* ZFCommonHelper.m */; };
		254D63FB20A966140082BEF7 /* ZFHttpRequest.m in Sources */ = {isa = PBXBuildFile; fileRef = 254D63F620A966140082BEF7 /* ZFHttpRequest.m */; };
		254D63FC20A966140082BEF7 /* ZFFileModel.m in Sources */ = {isa = PBXBuildFile; fileRef = 254D63F820A966140082BEF7 /* ZFFileModel.m */; };
		254D63FF20A968E80082BEF7 /* TableViewCell.m in Sources */ = {isa = PBXBuildFile; fileRef = 254D63FE20A968E80082BEF7 /* TableViewCell.m */; };
		254D640220A970580082BEF7 /* UIView+Banner.m in Sources */ = {isa = PBXBuildFile; fileRef = 254D640120A970580082BEF7 /* UIView+Banner.m */; };
		254D640520A985890082BEF7 /* DownloadModel.m in Sources */ = {isa = PBXBuildFile; fileRef = 254D640420A985890082BEF7 /* DownloadModel.m */; };
		254D640820A99D870082BEF7 /* NSObject+ZHAO.m in Sources */ = {isa = PBXBuildFile; fileRef = 254D640620A99D870082BEF7 /* NSObject+ZHAO.m */; };
		25FBE8BE20AC2D5400E2F79C /* ViewController1.m in Sources */ = {isa = PBXBuildFile; fileRef = 25FBE8BD20AC2D5400E2F79C /* ViewController1.m */; };
/* End PBXBuildFile section */

/* Begin PBXContainerItemProxy section */
		254D63D320A966040082BEF7 /* PBXContainerItemProxy */ = {
			isa = PBXContainerItemProxy;
			containerPortal = 254D63B220A966020082BEF7 /* Project object */;
			proxyType = 1;
			remoteGlobalIDString = 254D63B920A966020082BEF7;
			remoteInfo = VIPDownload;
		};
		254D63DE20A966040082BEF7 /* PBXContainerItemProxy */ = {
			isa = PBXContainerItemProxy;
			containerPortal = 254D63B220A966020082BEF7 /* Project object */;
			proxyType = 1;
			remoteGlobalIDString = 254D63B920A966020082BEF7;
			remoteInfo = VIPDownload;
		};
/* End PBXContainerItemProxy section */

/* Begin PBXFileReference section */
		254D63BA20A966020082BEF7 /* VIPDownload.app */ = {isa = PBXFileReference; explicitFileType = wrapper.application; includeInIndex = 0; path = VIPDownload.app; sourceTree = BUILT_PRODUCTS_DIR; };
		254D63BD20A966020082BEF7 /* AppDelegate.h */ = {isa = PBXFileReference; lastKnownFileType = sourcecode.c.h; path = AppDelegate.h; sourceTree = "<group>"; };
		254D63BE20A966020082BEF7 /* AppDelegate.m */ = {isa = PBXFileReference; lastKnownFileType = sourcecode.c.objc; path = AppDelegate.m; sourceTree = "<group>"; };
		254D63C020A966020082BEF7 /* ViewController.h */ = {isa = PBXFileReference; lastKnownFileType = sourcecode.c.h; path = ViewController.h; sourceTree = "<group>"; };
		254D63C120A966020082BEF7 /* ViewController.m */ = {isa = PBXFileReference; lastKnownFileType = sourcecode.c.objc; path = ViewController.m; sourceTree = "<group>"; };
		254D63C420A966020082BEF7 /* Base */ = {isa = PBXFileReference; lastKnownFileType = file.storyboard; name = Base; path = Base.lproj/Main.storyboard; sourceTree = "<group>"; };
		254D63C620A966040082BEF7 /* Assets.xcassets */ = {isa = PBXFileReference; lastKnownFileType = folder.assetcatalog; path = Assets.xcassets; sourceTree = "<group>"; };
		254D63C920A966040082BEF7 /* Base */ = {isa = PBXFileReference; lastKnownFileType = file.storyboard; name = Base; path = Base.lproj/LaunchScreen.storyboard; sourceTree = "<group>"; };
		254D63CB20A966040082BEF7 /* Info.plist */ = {isa = PBXFileReference; lastKnownFileType = text.plist.xml; path = Info.plist; sourceTree = "<group>"; };
		254D63CC20A966040082BEF7 /* main.m */ = {isa = PBXFileReference; lastKnownFileType = sourcecode.c.objc; path = main.m; sourceTree = "<group>"; };
		254D63D220A966040082BEF7 /* VIPDownloadTests.xctest */ = {isa = PBXFileReference; explicitFileType = wrapper.cfbundle; includeInIndex = 0; path = VIPDownloadTests.xctest; sourceTree = BUILT_PRODUCTS_DIR; };
		254D63D620A966040082BEF7 /* VIPDownloadTests.m */ = {isa = PBXFileReference; lastKnownFileType = sourcecode.c.objc; path = VIPDownloadTests.m; sourceTree = "<group>"; };
		254D63D820A966040082BEF7 /* Info.plist */ = {isa = PBXFileReference; lastKnownFileType = text.plist.xml; path = Info.plist; sourceTree = "<group>"; };
		254D63DD20A966040082BEF7 /* VIPDownloadUITests.xctest */ = {isa = PBXFileReference; explicitFileType = wrapper.cfbundle; includeInIndex = 0; path = VIPDownloadUITests.xctest; sourceTree = BUILT_PRODUCTS_DIR; };
		254D63E120A966040082BEF7 /* VIPDownloadUITests.m */ = {isa = PBXFileReference; lastKnownFileType = sourcecode.c.objc; path = VIPDownloadUITests.m; sourceTree = "<group>"; };
		254D63E320A966040082BEF7 /* Info.plist */ = {isa = PBXFileReference; lastKnownFileType = text.plist.xml; path = Info.plist; sourceTree = "<group>"; };
		254D63F020A966140082BEF7 /* ZFDownloadManager.m */ = {isa = PBXFileReference; fileEncoding = 4; lastKnownFileType = sourcecode.c.objc; path = ZFDownloadManager.m; sourceTree = "<group>"; };
		254D63F120A966140082BEF7 /* ZFCommonHelper.h */ = {isa = PBXFileReference; fileEncoding = 4; lastKnownFileType = sourcecode.c.h; path = ZFCommonHelper.h; sourceTree = "<group>"; };
		254D63F220A966140082BEF7 /* ZFHttpRequest.h */ = {isa = PBXFileReference; fileEncoding = 4; lastKnownFileType = sourcecode.c.h; path = ZFHttpRequest.h; sourceTree = "<group>"; };
		254D63F320A966140082BEF7 /* ZFFileModel.h */ = {isa = PBXFileReference; fileEncoding = 4; lastKnownFileType = sourcecode.c.h; path = ZFFileModel.h; sourceTree = "<group>"; };
		254D63F420A966140082BEF7 /* ZFCommonHelper.m */ = {isa = PBXFileReference; fileEncoding = 4; lastKnownFileType = sourcecode.c.objc; path = ZFCommonHelper.m; sourceTree = "<group>"; };
		254D63F520A966140082BEF7 /* ZFDownloadManager.h */ = {isa = PBXFileReference; fileEncoding = 4; lastKnownFileType = sourcecode.c.h; path = ZFDownloadManager.h; sourceTree = "<group>"; };
		254D63F620A966140082BEF7 /* ZFHttpRequest.m */ = {isa = PBXFileReference; fileEncoding = 4; lastKnownFileType = sourcecode.c.objc; path = ZFHttpRequest.m; sourceTree = "<group>"; };
		254D63F720A966140082BEF7 /* ZFDownloadDelegate.h */ = {isa = PBXFileReference; fileEncoding = 4; lastKnownFileType = sourcecode.c.h; path = ZFDownloadDelegate.h; sourceTree = "<group>"; };
		254D63F820A966140082BEF7 /* ZFFileModel.m */ = {isa = PBXFileReference; fileEncoding = 4; lastKnownFileType = sourcecode.c.objc; path = ZFFileModel.m; sourceTree = "<group>"; };
		254D63FD20A968E80082BEF7 /* TableViewCell.h */ = {isa = PBXFileReference; lastKnownFileType = sourcecode.c.h; path = TableViewCell.h; sourceTree = "<group>"; };
		254D63FE20A968E80082BEF7 /* TableViewCell.m */ = {isa = PBXFileReference; lastKnownFileType = sourcecode.c.objc; path = TableViewCell.m; sourceTree = "<group>"; };
		254D640020A970580082BEF7 /* UIView+Banner.h */ = {isa = PBXFileReference; fileEncoding = 4; lastKnownFileType = sourcecode.c.h; path = "UIView+Banner.h"; sourceTree = "<group>"; };
		254D640120A970580082BEF7 /* UIView+Banner.m */ = {isa = PBXFileReference; fileEncoding = 4; lastKnownFileType = sourcecode.c.objc; path = "UIView+Banner.m"; sourceTree = "<group>"; };
		254D640320A985890082BEF7 /* DownloadModel.h */ = {isa = PBXFileReference; lastKnownFileType = sourcecode.c.h; path = DownloadModel.h; sourceTree = "<group>"; };
		254D640420A985890082BEF7 /* DownloadModel.m */ = {isa = PBXFileReference; lastKnownFileType = sourcecode.c.objc; path = DownloadModel.m; sourceTree = "<group>"; };
		254D640620A99D870082BEF7 /* NSObject+ZHAO.m */ = {isa = PBXFileReference; fileEncoding = 4; lastKnownFileType = sourcecode.c.objc; path = "NSObject+ZHAO.m"; sourceTree = "<group>"; };
		254D640720A99D870082BEF7 /* NSObject+ZHAO.h */ = {isa = PBXFileReference; fileEncoding = 4; lastKnownFileType = sourcecode.c.h; path = "NSObject+ZHAO.h"; sourceTree = "<group>"; };
		25FBE8BC20AC2D5400E2F79C /* ViewController1.h */ = {isa = PBXFileReference; lastKnownFileType = sourcecode.c.h; path = ViewController1.h; sourceTree = "<group>"; };
		25FBE8BD20AC2D5400E2F79C /* ViewController1.m */ = {isa = PBXFileReference; lastKnownFileType = sourcecode.c.objc; path = ViewController1.m; sourceTree = "<group>"; };
		B12A9DD5CE8A0BB6470B757D /* libPods-VIPDownload.a */ = {isa = PBXFileReference; explicitFileType = archive.ar; includeInIndex = 0; path = "libPods-VIPDownload.a"; sourceTree = BUILT_PRODUCTS_DIR; };
		CDCC82A9320215017622E831 /* Pods-VIPDownload.debug.xcconfig */ = {isa = PBXFileReference; includeInIndex = 1; lastKnownFileType = text.xcconfig; name = "Pods-VIPDownload.debug.xcconfig"; path = "Pods/Target Support Files/Pods-VIPDownload/Pods-VIPDownload.debug.xcconfig"; sourceTree = "<group>"; };
		D557DA1704FF37F20422FF59 /* Pods-VIPDownload.release.xcconfig */ = {isa = PBXFileReference; includeInIndex = 1; lastKnownFileType = text.xcconfig; name = "Pods-VIPDownload.release.xcconfig"; path = "Pods/Target Support Files/Pods-VIPDownload/Pods-VIPDownload.release.xcconfig"; sourceTree = "<group>"; };
/* End PBXFileReference section */

/* Begin PBXFrameworksBuildPhase section */
		254D63B720A966020082BEF7 /* Frameworks */ = {
			isa = PBXFrameworksBuildPhase;
			buildActionMask = 2147483647;
			files = (
				234DE8F2AF638D6C4B2CA85E /* libPods-VIPDownload.a in Frameworks */,
			);
			runOnlyForDeploymentPostprocessing = 0;
		};
		254D63CF20A966040082BEF7 /* Frameworks */ = {
			isa = PBXFrameworksBuildPhase;
			buildActionMask = 2147483647;
			files = (
			);
			runOnlyForDeploymentPostprocessing = 0;
		};
		254D63DA20A966040082BEF7 /* Frameworks */ = {
			isa = PBXFrameworksBuildPhase;
			buildActionMask = 2147483647;
			files = (
			);
			runOnlyForDeploymentPostprocessing = 0;
		};
/* End PBXFrameworksBuildPhase section */

/* Begin PBXGroup section */
		254D63B120A966020082BEF7 = {
			isa = PBXGroup;
			children = (
				254D63BC20A966020082BEF7 /* VIPDownload */,
				254D63D520A966040082BEF7 /* VIPDownloadTests */,
				254D63E020A966040082BEF7 /* VIPDownloadUITests */,
				254D63BB20A966020082BEF7 /* Products */,
				B9296AE76D2FE4934BB76B56 /* Pods */,
				DE97C8EFB5300151889F7AE2 /* Frameworks */,
			);
			sourceTree = "<group>";
		};
		254D63BB20A966020082BEF7 /* Products */ = {
			isa = PBXGroup;
			children = (
				254D63BA20A966020082BEF7 /* VIPDownload.app */,
				254D63D220A966040082BEF7 /* VIPDownloadTests.xctest */,
				254D63DD20A966040082BEF7 /* VIPDownloadUITests.xctest */,
			);
			name = Products;
			sourceTree = "<group>";
		};
		254D63BC20A966020082BEF7 /* VIPDownload */ = {
			isa = PBXGroup;
			children = (
				254D640720A99D870082BEF7 /* NSObject+ZHAO.h */,
				254D640620A99D870082BEF7 /* NSObject+ZHAO.m */,
				254D640020A970580082BEF7 /* UIView+Banner.h */,
				254D640120A970580082BEF7 /* UIView+Banner.m */,
				254D63EF20A966140082BEF7 /* ZFDownload */,
				254D63BD20A966020082BEF7 /* AppDelegate.h */,
				254D63BE20A966020082BEF7 /* AppDelegate.m */,
				25FBE8BC20AC2D5400E2F79C /* ViewController1.h */,
				25FBE8BD20AC2D5400E2F79C /* ViewController1.m */,
				254D63C020A966020082BEF7 /* ViewController.h */,
				254D63C120A966020082BEF7 /* ViewController.m */,
				254D63FD20A968E80082BEF7 /* TableViewCell.h */,
				254D63FE20A968E80082BEF7 /* TableViewCell.m */,
				254D640320A985890082BEF7 /* DownloadModel.h */,
				254D640420A985890082BEF7 /* DownloadModel.m */,
				254D63C320A966020082BEF7 /* Main.storyboard */,
				254D63C620A966040082BEF7 /* Assets.xcassets */,
				254D63C820A966040082BEF7 /* LaunchScreen.storyboard */,
				254D63CB20A966040082BEF7 /* Info.plist */,
				254D63CC20A966040082BEF7 /* main.m */,
			);
			path = VIPDownload;
			sourceTree = "<group>";
		};
		254D63D520A966040082BEF7 /* VIPDownloadTests */ = {
			isa = PBXGroup;
			children = (
				254D63D620A966040082BEF7 /* VIPDownloadTests.m */,
				254D63D820A966040082BEF7 /* Info.plist */,
			);
			path = VIPDownloadTests;
			sourceTree = "<group>";
		};
		254D63E020A966040082BEF7 /* VIPDownloadUITests */ = {
			isa = PBXGroup;
			children = (
				254D63E120A966040082BEF7 /* VIPDownloadUITests.m */,
				254D63E320A966040082BEF7 /* Info.plist */,
			);
			path = VIPDownloadUITests;
			sourceTree = "<group>";
		};
		254D63EF20A966140082BEF7 /* ZFDownload */ = {
			isa = PBXGroup;
			children = (
				254D63F520A966140082BEF7 /* ZFDownloadManager.h */,
				254D63F020A966140082BEF7 /* ZFDownloadManager.m */,
				254D63F120A966140082BEF7 /* ZFCommonHelper.h */,
				254D63F420A966140082BEF7 /* ZFCommonHelper.m */,
				254D63F220A966140082BEF7 /* ZFHttpRequest.h */,
				254D63F620A966140082BEF7 /* ZFHttpRequest.m */,
				254D63F720A966140082BEF7 /* ZFDownloadDelegate.h */,
				254D63F320A966140082BEF7 /* ZFFileModel.h */,
				254D63F820A966140082BEF7 /* ZFFileModel.m */,
			);
			path = ZFDownload;
			sourceTree = "<group>";
		};
		B9296AE76D2FE4934BB76B56 /* Pods */ = {
			isa = PBXGroup;
			children = (
				CDCC82A9320215017622E831 /* Pods-VIPDownload.debug.xcconfig */,
				D557DA1704FF37F20422FF59 /* Pods-VIPDownload.release.xcconfig */,
			);
			name = Pods;
			sourceTree = "<group>";
		};
		DE97C8EFB5300151889F7AE2 /* Frameworks */ = {
			isa = PBXGroup;
			children = (
				B12A9DD5CE8A0BB6470B757D /* libPods-VIPDownload.a */,
			);
			name = Frameworks;
			sourceTree = "<group>";
		};
/* End PBXGroup section */

/* Begin PBXNativeTarget section */
		254D63B920A966020082BEF7 /* VIPDownload */ = {
			isa = PBXNativeTarget;
			buildConfigurationList = 254D63E620A966040082BEF7 /* Build configuration list for PBXNativeTarget "VIPDownload" */;
			buildPhases = (
				A4453042BBF749B719F0CE20 /* [CP] Check Pods Manifest.lock */,
				254D63B620A966020082BEF7 /* Sources */,
				254D63B720A966020082BEF7 /* Frameworks */,
				254D63B820A966020082BEF7 /* Resources */,
			);
			buildRules = (
			);
			dependencies = (
			);
			name = VIPDownload;
			productName = VIPDownload;
			productReference = 254D63BA20A966020082BEF7 /* VIPDownload.app */;
			productType = "com.apple.product-type.application";
		};
		254D63D120A966040082BEF7 /* VIPDownloadTests */ = {
			isa = PBXNativeTarget;
			buildConfigurationList = 254D63E920A966040082BEF7 /* Build configuration list for PBXNativeTarget "VIPDownloadTests" */;
			buildPhases = (
				254D63CE20A966040082BEF7 /* Sources */,
				254D63CF20A966040082BEF7 /* Frameworks */,
				254D63D020A966040082BEF7 /* Resources */,
			);
			buildRules = (
			);
			dependencies = (
				254D63D420A966040082BEF7 /* PBXTargetDependency */,
			);
			name = VIPDownloadTests;
			productName = VIPDownloadTests;
			productReference = 254D63D220A966040082BEF7 /* VIPDownloadTests.xctest */;
			productType = "com.apple.product-type.bundle.unit-test";
		};
		254D63DC20A966040082BEF7 /* VIPDownloadUITests */ = {
			isa = PBXNativeTarget;
			buildConfigurationList = 254D63EC20A966040082BEF7 /* Build configuration list for PBXNativeTarget "VIPDownloadUITests" */;
			buildPhases = (
				254D63D920A966040082BEF7 /* Sources */,
				254D63DA20A966040082BEF7 /* Frameworks */,
				254D63DB20A966040082BEF7 /* Resources */,
			);
			buildRules = (
			);
			dependencies = (
				254D63DF20A966040082BEF7 /* PBXTargetDependency */,
			);
			name = VIPDownloadUITests;
			productName = VIPDownloadUITests;
			productReference = 254D63DD20A966040082BEF7 /* VIPDownloadUITests.xctest */;
			productType = "com.apple.product-type.bundle.ui-testing";
		};
/* End PBXNativeTarget section */

/* Begin PBXProject section */
		254D63B220A966020082BEF7 /* Project object */ = {
			isa = PBXProject;
			attributes = {
				LastUpgradeCheck = 0930;
				ORGANIZATIONNAME = zhaosilei;
				TargetAttributes = {
					254D63B920A966020082BEF7 = {
						CreatedOnToolsVersion = 9.3;
					};
					254D63D120A966040082BEF7 = {
						CreatedOnToolsVersion = 9.3;
						TestTargetID = 254D63B920A966020082BEF7;
					};
					254D63DC20A966040082BEF7 = {
						CreatedOnToolsVersion = 9.3;
						TestTargetID = 254D63B920A966020082BEF7;
					};
				};
			};
			buildConfigurationList = 254D63B520A966020082BEF7 /* Build configuration list for PBXProject "VIPDownload" */;
			compatibilityVersion = "Xcode 9.3";
			developmentRegion = en;
			hasScannedForEncodings = 0;
			knownRegions = (
				en,
				Base,
			);
			mainGroup = 254D63B120A966020082BEF7;
			productRefGroup = 254D63BB20A966020082BEF7 /* Products */;
			projectDirPath = "";
			projectRoot = "";
			targets = (
				254D63B920A966020082BEF7 /* VIPDownload */,
				254D63D120A966040082BEF7 /* VIPDownloadTests */,
				254D63DC20A966040082BEF7 /* VIPDownloadUITests */,
			);
		};
/* End PBXProject section */

/* Begin PBXResourcesBuildPhase section */
		254D63B820A966020082BEF7 /* Resources */ = {
			isa = PBXResourcesBuildPhase;
			buildActionMask = 2147483647;
			files = (
				254D63CA20A966040082BEF7 /* LaunchScreen.storyboard in Resources */,
				254D63C720A966040082BEF7 /* Assets.xcassets in Resources */,
				254D63C520A966020082BEF7 /* Main.storyboard in Resources */,
			);
			runOnlyForDeploymentPostprocessing = 0;
		};
		254D63D020A966040082BEF7 /* Resources */ = {
			isa = PBXResourcesBuildPhase;
			buildActionMask = 2147483647;
			files = (
			);
			runOnlyForDeploymentPostprocessing = 0;
		};
		254D63DB20A966040082BEF7 /* Resources */ = {
			isa = PBXResourcesBuildPhase;
			buildActionMask = 2147483647;
			files = (
			);
			runOnlyForDeploymentPostprocessing = 0;
		};
/* End PBXResourcesBuildPhase section */

/* Begin PBXShellScriptBuildPhase section */
		A4453042BBF749B719F0CE20 /* [CP] Check Pods Manifest.lock */ = {
			isa = PBXShellScriptBuildPhase;
			buildActionMask = 2147483647;
			files = (
			);
			inputPaths = (
				"${PODS_PODFILE_DIR_PATH}/Podfile.lock",
				"${PODS_ROOT}/Manifest.lock",
			);
			name = "[CP] Check Pods Manifest.lock";
			outputPaths = (
				"$(DERIVED_FILE_DIR)/Pods-VIPDownload-checkManifestLockResult.txt",
			);
			runOnlyForDeploymentPostprocessing = 0;
			shellPath = /bin/sh;
			shellScript = "diff \"${PODS_PODFILE_DIR_PATH}/Podfile.lock\" \"${PODS_ROOT}/Manifest.lock\" > /dev/null\nif [ $? != 0 ] ; then\n    # print error to STDERR\n    echo \"error: The sandbox is not in sync with the Podfile.lock. Run 'pod install' or update your CocoaPods installation.\" >&2\n    exit 1\nfi\n# This output is used by Xcode 'outputs' to avoid re-running this script phase.\necho \"SUCCESS\" > \"${SCRIPT_OUTPUT_FILE_0}\"\n";
			showEnvVarsInLog = 0;
		};
/* End PBXShellScriptBuildPhase section */

/* Begin PBXSourcesBuildPhase section */
		254D63B620A966020082BEF7 /* Sources */ = {
			isa = PBXSourcesBuildPhase;
			buildActionMask = 2147483647;
			files = (
				254D63C220A966020082BEF7 /* ViewController.m in Sources */,
				254D640220A970580082BEF7 /* UIView+Banner.m in Sources */,
				254D63F920A966140082BEF7 /* ZFDownloadManager.m in Sources */,
				254D640520A985890082BEF7 /* DownloadModel.m in Sources */,
				254D63FA20A966140082BEF7 /* ZFCommonHelper.m in Sources */,
				254D63FC20A966140082BEF7 /* ZFFileModel.m in Sources */,
				254D63CD20A966040082BEF7 /* main.m in Sources */,
				254D640820A99D870082BEF7 /* NSObject+ZHAO.m in Sources */,
				25FBE8BE20AC2D5400E2F79C /* ViewController1.m in Sources */,
				254D63FF20A968E80082BEF7 /* TableViewCell.m in Sources */,
				254D63BF20A966020082BEF7 /* AppDelegate.m in Sources */,
				254D63FB20A966140082BEF7 /* ZFHttpRequest.m in Sources */,
			);
			runOnlyForDeploymentPostprocessing = 0;
		};
		254D63CE20A966040082BEF7 /* Sources */ = {
			isa = PBXSourcesBuildPhase;
			buildActionMask = 2147483647;
			files = (
				254D63D720A966040082BEF7 /* VIPDownloadTests.m in Sources */,
			);
			runOnlyForDeploymentPostprocessing = 0;
		};
		254D63D920A966040082BEF7 /* Sources */ = {
			isa = PBXSourcesBuildPhase;
			buildActionMask = 2147483647;
			files = (
				254D63E220A966040082BEF7 /* VIPDownloadUITests.m in Sources */,
			);
			runOnlyForDeploymentPostprocessing = 0;
		};
/* End PBXSourcesBuildPhase section */

/* Begin PBXTargetDependency section */
		254D63D420A966040082BEF7 /* PBXTargetDependency */ = {
			isa = PBXTargetDependency;
			target = 254D63B920A966020082BEF7 /* VIPDownload */;
			targetProxy = 254D63D320A966040082BEF7 /* PBXContainerItemProxy */;
		};
		254D63DF20A966040082BEF7 /* PBXTargetDependency */ = {
			isa = PBXTargetDependency;
			target = 254D63B920A966020082BEF7 /* VIPDownload */;
			targetProxy = 254D63DE20A966040082BEF7 /* PBXContainerItemProxy */;
		};
/* End PBXTargetDependency section */

/* Begin PBXVariantGroup section */
		254D63C320A966020082BEF7 /* Main.storyboard */ = {
			isa = PBXVariantGroup;
			children = (
				254D63C420A966020082BEF7 /* Base */,
			);
			name = Main.storyboard;
			sourceTree = "<group>";
		};
		254D63C820A966040082BEF7 /* LaunchScreen.storyboard */ = {
			isa = PBXVariantGroup;
			children = (
				254D63C920A966040082BEF7 /* Base */,
			);
			name = LaunchScreen.storyboard;
			sourceTree = "<group>";
		};
/* End PBXVariantGroup section */

/* Begin XCBuildConfiguration section */
		254D63E420A966040082BEF7 /* Debug */ = {
			isa = XCBuildConfiguration;
			buildSettings = {
				ALWAYS_SEARCH_USER_PATHS = NO;
				CLANG_ANALYZER_NONNULL = YES;
				CLANG_ANALYZER_NUMBER_OBJECT_CONVERSION = YES_AGGRESSIVE;
				CLANG_CXX_LANGUAGE_STANDARD = "gnu++14";
				CLANG_CXX_LIBRARY = "libc++";
				CLANG_ENABLE_MODULES = YES;
				CLANG_ENABLE_OBJC_ARC = YES;
				CLANG_ENABLE_OBJC_WEAK = YES;
				CLANG_WARN_BLOCK_CAPTURE_AUTORELEASING = YES;
				CLANG_WARN_BOOL_CONVERSION = YES;
				CLANG_WARN_COMMA = YES;
				CLANG_WARN_CONSTANT_CONVERSION = YES;
				CLANG_WARN_DEPRECATED_OBJC_IMPLEMENTATIONS = YES;
				CLANG_WARN_DIRECT_OBJC_ISA_USAGE = YES_ERROR;
				CLANG_WARN_DOCUMENTATION_COMMENTS = YES;
				CLANG_WARN_EMPTY_BODY = YES;
				CLANG_WARN_ENUM_CONVERSION = YES;
				CLANG_WARN_INFINITE_RECURSION = YES;
				CLANG_WARN_INT_CONVERSION = YES;
				CLANG_WARN_NON_LITERAL_NULL_CONVERSION = YES;
				CLANG_WARN_OBJC_IMPLICIT_RETAIN_SELF = YES;
				CLANG_WARN_OBJC_LITERAL_CONVERSION = YES;
				CLANG_WARN_OBJC_ROOT_CLASS = YES_ERROR;
				CLANG_WARN_RANGE_LOOP_ANALYSIS = YES;
				CLANG_WARN_STRICT_PROTOTYPES = YES;
				CLANG_WARN_SUSPICIOUS_MOVE = YES;
				CLANG_WARN_UNGUARDED_AVAILABILITY = YES_AGGRESSIVE;
				CLANG_WARN_UNREACHABLE_CODE = YES;
				CLANG_WARN__DUPLICATE_METHOD_MATCH = YES;
				CODE_SIGN_IDENTITY = "iPhone Developer";
				COPY_PHASE_STRIP = NO;
				DEBUG_INFORMATION_FORMAT = dwarf;
				ENABLE_STRICT_OBJC_MSGSEND = YES;
				ENABLE_TESTABILITY = YES;
				GCC_C_LANGUAGE_STANDARD = gnu11;
				GCC_DYNAMIC_NO_PIC = NO;
				GCC_NO_COMMON_BLOCKS = YES;
				GCC_OPTIMIZATION_LEVEL = 0;
				GCC_PREPROCESSOR_DEFINITIONS = (
					"DEBUG=1",
					"$(inherited)",
				);
				GCC_WARN_64_TO_32_BIT_CONVERSION = YES;
				GCC_WARN_ABOUT_RETURN_TYPE = YES_ERROR;
				GCC_WARN_UNDECLARED_SELECTOR = YES;
				GCC_WARN_UNINITIALIZED_AUTOS = YES_AGGRESSIVE;
				GCC_WARN_UNUSED_FUNCTION = YES;
				GCC_WARN_UNUSED_VARIABLE = YES;
				IPHONEOS_DEPLOYMENT_TARGET = 11.3;
				MTL_ENABLE_DEBUG_INFO = YES;
				ONLY_ACTIVE_ARCH = YES;
				SDKROOT = iphoneos;
			};
			name = Debug;
		};
		254D63E520A966040082BEF7 /* Release */ = {
			isa = XCBuildConfiguration;
			buildSettings = {
				ALWAYS_SEARCH_USER_PATHS = NO;
				CLANG_ANALYZER_NONNULL = YES;
				CLANG_ANALYZER_NUMBER_OBJECT_CONVERSION = YES_AGGRESSIVE;
				CLANG_CXX_LANGUAGE_STANDARD = "gnu++14";
				CLANG_CXX_LIBRARY = "libc++";
				CLANG_ENABLE_MODULES = YES;
				CLANG_ENABLE_OBJC_ARC = YES;
				CLANG_ENABLE_OBJC_WEAK = YES;
				CLANG_WARN_BLOCK_CAPTURE_AUTORELEASING = YES;
				CLANG_WARN_BOOL_CONVERSION = YES;
				CLANG_WARN_COMMA = YES;
				CLANG_WARN_CONSTANT_CONVERSION = YES;
				CLANG_WARN_DEPRECATED_OBJC_IMPLEMENTATIONS = YES;
				CLANG_WARN_DIRECT_OBJC_ISA_USAGE = YES_ERROR;
				CLANG_WARN_DOCUMENTATION_COMMENTS = YES;
				CLANG_WARN_EMPTY_BODY = YES;
				CLANG_WARN_ENUM_CONVERSION = YES;
				CLANG_WARN_INFINITE_RECURSION = YES;
				CLANG_WARN_INT_CONVERSION = YES;
				CLANG_WARN_NON_LITERAL_NULL_CONVERSION = YES;
				CLANG_WARN_OBJC_IMPLICIT_RETAIN_SELF = YES;
				CLANG_WARN_OBJC_LITERAL_CONVERSION = YES;
				CLANG_WARN_OBJC_ROOT_CLASS = YES_ERROR;
				CLANG_WARN_RANGE_LOOP_ANALYSIS = YES;
				CLANG_WARN_STRICT_PROTOTYPES = YES;
				CLANG_WARN_SUSPICIOUS_MOVE = YES;
				CLANG_WARN_UNGUARDED_AVAILABILITY = YES_AGGRESSIVE;
				CLANG_WARN_UNREACHABLE_CODE = YES;
				CLANG_WARN__DUPLICATE_METHOD_MATCH = YES;
				CODE_SIGN_IDENTITY = "iPhone Developer";
				COPY_PHASE_STRIP = NO;
				DEBUG_INFORMATION_FORMAT = "dwarf-with-dsym";
				ENABLE_NS_ASSERTIONS = NO;
				ENABLE_STRICT_OBJC_MSGSEND = YES;
				GCC_C_LANGUAGE_STANDARD = gnu11;
				GCC_NO_COMMON_BLOCKS = YES;
				GCC_WARN_64_TO_32_BIT_CONVERSION = YES;
				GCC_WARN_ABOUT_RETURN_TYPE = YES_ERROR;
				GCC_WARN_UNDECLARED_SELECTOR = YES;
				GCC_WARN_UNINITIALIZED_AUTOS = YES_AGGRESSIVE;
				GCC_WARN_UNUSED_FUNCTION = YES;
				GCC_WARN_UNUSED_VARIABLE = YES;
				IPHONEOS_DEPLOYMENT_TARGET = 11.3;
				MTL_ENABLE_DEBUG_INFO = NO;
				SDKROOT = iphoneos;
				VALIDATE_PRODUCT = YES;
			};
			name = Release;
		};
		254D63E720A966040082BEF7 /* Debug */ = {
			isa = XCBuildConfiguration;
			baseConfigurationReference = CDCC82A9320215017622E831 /* Pods-VIPDownload.debug.xcconfig */;
			buildSettings = {
				ASSETCATALOG_COMPILER_APPICON_NAME = AppIcon;
				CODE_SIGN_STYLE = Automatic;
				DEVELOPMENT_TEAM = P2ZL3LJVPZ;
				INFOPLIST_FILE = VIPDownload/Info.plist;
				LD_RUNPATH_SEARCH_PATHS = (
					"$(inherited)",
					"@executable_path/Frameworks",
				);
				PRODUCT_BUNDLE_IDENTIFIER = com.zhao.VIPDownload;
				PRODUCT_NAME = "$(TARGET_NAME)";
				TARGETED_DEVICE_FAMILY = "1,2";
			};
			name = Debug;
		};
		254D63E820A966040082BEF7 /* Release */ = {
			isa = XCBuildConfiguration;
			baseConfigurationReference = D557DA1704FF37F20422FF59 /* Pods-VIPDownload.release.xcconfig */;
			buildSettings = {
				ASSETCATALOG_COMPILER_APPICON_NAME = AppIcon;
				CODE_SIGN_STYLE = Automatic;
				DEVELOPMENT_TEAM = P2ZL3LJVPZ;
				INFOPLIST_FILE = VIPDownload/Info.plist;
				LD_RUNPATH_SEARCH_PATHS = (
					"$(inherited)",
					"@executable_path/Frameworks",
				);
				PRODUCT_BUNDLE_IDENTIFIER = com.zhao.VIPDownload;
				PRODUCT_NAME = "$(TARGET_NAME)";
				TARGETED_DEVICE_FAMILY = "1,2";
			};
			name = Release;
		};
		254D63EA20A966040082BEF7 /* Debug */ = {
			isa = XCBuildConfiguration;
			buildSettings = {
				BUNDLE_LOADER = "$(TEST_HOST)";
				CODE_SIGN_STYLE = Automatic;
				DEVELOPMENT_TEAM = P2ZL3LJVPZ;
				INFOPLIST_FILE = VIPDownloadTests/Info.plist;
				LD_RUNPATH_SEARCH_PATHS = (
					"$(inherited)",
					"@executable_path/Frameworks",
					"@loader_path/Frameworks",
				);
				PRODUCT_BUNDLE_IDENTIFIER = com.zhao.VIPDownloadTests;
				PRODUCT_NAME = "$(TARGET_NAME)";
				TARGETED_DEVICE_FAMILY = "1,2";
				TEST_HOST = "$(BUILT_PRODUCTS_DIR)/VIPDownload.app/VIPDownload";
			};
			name = Debug;
		};
		254D63EB20A966040082BEF7 /* Release */ = {
			isa = XCBuildConfiguration;
			buildSettings = {
				BUNDLE_LOADER = "$(TEST_HOST)";
				CODE_SIGN_STYLE = Automatic;
				DEVELOPMENT_TEAM = P2ZL3LJVPZ;
				INFOPLIST_FILE = VIPDownloadTests/Info.plist;
				LD_RUNPATH_SEARCH_PATHS = (
					"$(inherited)",
					"@executable_path/Frameworks",
					"@loader_path/Frameworks",
				);
				PRODUCT_BUNDLE_IDENTIFIER = com.zhao.VIPDownloadTests;
				PRODUCT_NAME = "$(TARGET_NAME)";
				TARGETED_DEVICE_FAMILY = "1,2";
				TEST_HOST = "$(BUILT_PRODUCTS_DIR)/VIPDownload.app/VIPDownload";
			};
			name = Release;
		};
		254D63ED20A966040082BEF7 /* Debug */ = {
			isa = XCBuildConfiguration;
			buildSettings = {
				CODE_SIGN_STYLE = Automatic;
				DEVELOPMENT_TEAM = P2ZL3LJVPZ;
				INFOPLIST_FILE = VIPDownloadUITests/Info.plist;
				LD_RUNPATH_SEARCH_PATHS = (
					"$(inherited)",
					"@executable_path/Frameworks",
					"@loader_path/Frameworks",
				);
				PRODUCT_BUNDLE_IDENTIFIER = com.zhao.VIPDownloadUITests;
				PRODUCT_NAME = "$(TARGET_NAME)";
				TARGETED_DEVICE_FAMILY = "1,2";
				TEST_TARGET_NAME = VIPDownload;
			};
			name = Debug;
		};
		254D63EE20A966040082BEF7 /* Release */ = {
			isa = XCBuildConfiguration;
			buildSettings = {
				CODE_SIGN_STYLE = Automatic;
				DEVELOPMENT_TEAM = P2ZL3LJVPZ;
				INFOPLIST_FILE = VIPDownloadUITests/Info.plist;
				LD_RUNPATH_SEARCH_PATHS = (
					"$(inherited)",
					"@executable_path/Frameworks",
					"@loader_path/Frameworks",
				);
				PRODUCT_BUNDLE_IDENTIFIER = com.zhao.VIPDownloadUITests;
				PRODUCT_NAME = "$(TARGET_NAME)";
				TARGETED_DEVICE_FAMILY = "1,2";
				TEST_TARGET_NAME = VIPDownload;
			};
			name = Release;
		};
/* End XCBuildConfiguration section */

/* Begin XCConfigurationList section */
		254D63B520A966020082BEF7 /* Build configuration list for PBXProject "VIPDownload" */ = {
			isa = XCConfigurationList;
			buildConfigurations = (
				254D63E420A966040082BEF7 /* Debug */,
				254D63E520A966040082BEF7 /* Release */,
			);
			defaultConfigurationIsVisible = 0;
			defaultConfigurationName = Release;
		};
		254D63E620A966040082BEF7 /* Build configuration list for PBXNativeTarget "VIPDownload" */ = {
			isa = XCConfigurationList;
			buildConfigurations = (
				254D63E720A966040082BEF7 /* Debug */,
				254D63E820A966040082BEF7 /* Release */,
			);
			defaultConfigurationIsVisible = 0;
			defaultConfigurationName = Release;
		};
		254D63E920A966040082BEF7 /* Build configuration list for PBXNativeTarget "VIPDownloadTests" */ = {
			isa = XCConfigurationList;
			buildConfigurations = (
				254D63EA20A966040082BEF7 /* Debug */,
				254D63EB20A966040082BEF7 /* Release */,
			);
			defaultConfigurationIsVisible = 0;
			defaultConfigurationName = Release;
		};
		254D63EC20A966040082BEF7 /* Build configuration list for PBXNativeTarget "VIPDownloadUITests" */ = {
			isa = XCConfigurationList;
			buildConfigurations = (
				254D63ED20A966040082BEF7 /* Debug */,
				254D63EE20A966040082BEF7 /* Release */,
			);
			defaultConfigurationIsVisible = 0;
			defaultConfigurationName = Release;
		};
/* End XCConfigurationList section */
	};
	rootObject = 254D63B220A966020082BEF7 /* Project object */;
}
